
Microsoft Visual Studio Solution File, Format Version 12.00
# Visual Studio Version 16
VisualStudioVersion = 16.0.29613.14
MinimumVisualStudioVersion = 10.0.40219.1
Project("{FAE04EC0-301F-11D3-BF4B-00C04F79EFBC}") = "WhatTheFuck", "WhatTheFuck.csproj", "{86C668E1-FC8F-488F-A171-8FE8B1DFD763}"
EndProject
Project("{FAE04EC0-301F-11D3-BF4B-00C04F79EFBC}") = "WhatTheBlam", "..\WhatTheBlam\WhatTheBlam.csproj", "{34881E94-73CE-41E2-950C-D66EEF51C15D}"
EndProject
Global
	GlobalSection(SolutionConfigurationPlatforms) = preSolution
		Debug|Any CPU = Debug|Any CPU
		Release|Any CPU = Release|Any CPU
	EndGlobalSection
	GlobalSection(ProjectConfigurationPlatforms) = postSolution
		{86C668E1-FC8F-488F-A171-8FE8B1DFD763}.Debug|Any CPU.ActiveCfg = Debug|Any CPU
		{86C668E1-FC8F-488F-A171-8FE8B1DFD763}.Debug|Any CPU.Build.0 = Debug|Any CPU
		{86C668E1-FC8F-488F-A171-8FE8B1DFD763}.Release|Any CPU.ActiveCfg = Release|Any CPU
		{86C668E1-FC8F-488F-A171-8FE8B1DFD763}.Release|Any CPU.Build.0 = Release|Any CPU
		{34881E94-73CE-41E2-950C-D66EEF51C15D}.Debug|Any CPU.ActiveCfg = Debug|Any CPU
		{34881E94-73CE-41E2-950C-D66EEF51C15D}.Debug|Any CPU.Build.0 = Debug|Any CPU
		{34881E94-73CE-41E2-950C-D66EEF51C15D}.Release|Any CPU.ActiveCfg = Release|Any CPU
		{34881E94-73CE-41E2-950C-D66EEF51C15D}.Release|Any CPU.Build.0 = Release|Any CPU
	EndGlobalSection
	GlobalSection(SolutionProperties) = preSolution
		HideSolutionNode = FALSE
	EndGlobalSection
	GlobalSection(ExtensibilityGlobals) = postSolution
		SolutionGuid = {ACB046F6-E236-439B-8C1A-907E056CA44B}
	EndGlobalSection
EndGlobal
